
Microsoft Visual Studio Solution File, Format Version 12.00
# Visual Studio Version 16
VisualStudioVersion = 16.0.30225.117
MinimumVisualStudioVersion = 10.0.40219.1
Project("{8BC9CEB8-8B4A-11D0-8D11-00A0C91BC942}") = "test", "test\test.vcxproj", "{B335B312-75F2-4110-89F9-AB8E6F430DCE}"
EndProject
Global
	GlobalSection(SolutionConfigurationPlatforms) = preSolution
		Debug|x64 = Debug|x64
		Debug|x86 = Debug|x86
		Release|x64 = Release|x64
		Release|x86 = Release|x86
	EndGlobalSection
	GlobalSection(ProjectConfigurationPlatforms) = postSolution
		{B335B312-75F2-4110-89F9-AB8E6F430DCE}.Debug|x64.ActiveCfg = Debug|x64
		{B335B312-75F2-4110-89F9-AB8E6F430DCE}.Debug|x64.Build.0 = Debug|x64
		{B335B312-75F2-4110-89F9-AB8E6F430DCE}.Debug|x86.ActiveCfg = Debug|Win32
		{B335B312-75F2-4110-89F9-AB8E6F430DCE}.Debug|x86.Build.0 = Debug|Win32
		{B335B312-75F2-4110-89F9-AB8E6F430DCE}.Release|x64.ActiveCfg = Release|x64
		{B335B312-75F2-4110-89F9-AB8E6F430DCE}.Release|x64.Build.0 = Release|x64
		{B335B312-75F2-4110-89F9-AB8E6F430DCE}.Release|x86.ActiveCfg = Release|Win32
		{B335B312-75F2-4110-89F9-AB8E6F430DCE}.Release|x86.Build.0 = Release|Win32
	EndGlobalSection
	GlobalSection(SolutionProperties) = preSolution
		HideSolutionNode = FALSE
	EndGlobalSection
	GlobalSection(ExtensibilityGlobals) = postSolution
		SolutionGuid = {095265D5-79EB-4D61-8F3B-AAA742D8B9CC}
	EndGlobalSection
EndGlobal
