<?xml version="1.0" encoding="utf-8"?>
<Project ToolsVersion="4.0" xmlns="http://schemas.microsoft.com/developer/msbuild/2003">
  <ItemGroup>
    <Filter Include="소스 파일">
      <UniqueIdentifier>{4FC737F1-C7A5-4376-A066-2A32D752A2FF}</UniqueIdentifier>
      <Extensions>cpp;c;cc;cxx;def;odl;idl;hpj;bat;asm;asmx</Extensions>
    </Filter>
    <Filter Include="헤더 파일">
      <UniqueIdentifier>{93995380-89BD-4b04-88EB-625FBE52EBFB}</UniqueIdentifier>
      <Extensions>h;hh;hpp;hxx;hm;inl;inc;ipp;xsd</Extensions>
    </Filter>
    <Filter Include="리소스 파일">
      <UniqueIdentifier>{67DA6AB6-F800-4c08-8B7A-83BB121AAD01}</UniqueIdentifier>
      <Extensions>rc;ico;cur;bmp;dlg;rc2;rct;bin;rgs;gif;jpg;jpeg;jpe;resx;tiff;tif;png;wav;mfcribbon-ms</Extensions>
    </Filter>
  </ItemGroup>
  <ItemGroup>
    <ClCompile Include="프로그램실행시간.cpp">
      <Filter>리소스 파일</Filter>
    </ClCompile>
    <ClCompile Include="5032탄산음료.cpp">
      <Filter>소스 파일</Filter>
    </ClCompile>
    <ClCompile Include="3986좋은단어.cpp">
      <Filter>소스 파일</Filter>
    </ClCompile>
    <ClCompile Include="10451순열사이클.cpp">
      <Filter>소스 파일</Filter>
    </ClCompile>
    <ClCompile Include="17086아기상어.cpp">
      <Filter>소스 파일</Filter>
    </ClCompile>
    <ClCompile Include="6086최대유량.cpp">
      <Filter>소스 파일</Filter>
    </ClCompile>
    <ClCompile Include="15683감시.cpp">
      <Filter>소스 파일</Filter>
    </ClCompile>
    <ClCompile Include="10757큰수.cpp">
      <Filter>소스 파일</Filter>
    </ClCompile>
    <ClCompile Include="1188음식평론가.cpp">
      <Filter>소스 파일</Filter>
    </ClCompile>
    <ClCompile Include="9663N-Queen.cpp">
      <Filter>소스 파일</Filter>
    </ClCompile>
    <ClCompile Include="11404플로이드.cpp">
      <Filter>소스 파일</Filter>
    </ClCompile>
    <ClCompile Include="11780플로이드2.cpp">
      <Filter>소스 파일</Filter>
    </ClCompile>
    <ClCompile Include="4963섬의개수.cpp">
      <Filter>소스 파일</Filter>
    </ClCompile>
    <ClCompile Include="9935문자열폭발.cpp">
      <Filter>소스 파일</Filter>
    </ClCompile>
    <ClCompile Include="5567결혼식.cpp">
      <Filter>소스 파일</Filter>
    </ClCompile>
    <ClCompile Include="9086결혼식.cpp">
      <Filter>소스 파일</Filter>
    </ClCompile>
    <ClCompile Include="10972다음순열.cpp">
      <Filter>소스 파일</Filter>
    </ClCompile>
    <ClCompile Include="cd산책.cpp">
      <Filter>소스 파일</Filter>
    </ClCompile>
  </ItemGroup>
  <ItemGroup>
    <Text Include="input.txt">
      <Filter>리소스 파일</Filter>
    </Text>
    <Text Include="output.txt">
      <Filter>리소스 파일</Filter>
    </Text>
  </ItemGroup>
</Project>