<?xml version="1.0" encoding="utf-8"?>
<Project ToolsVersion="4.0" xmlns="http://schemas.microsoft.com/developer/msbuild/2003">
  <ItemGroup>
    <Filter Include="소스 파일">
      <UniqueIdentifier>{4FC737F1-C7A5-4376-A066-2A32D752A2FF}</UniqueIdentifier>
      <Extensions>cpp;c;cc;cxx;def;odl;idl;hpj;bat;asm;asmx</Extensions>
    </Filter>
    <Filter Include="헤더 파일">
      <UniqueIdentifier>{93995380-89BD-4b04-88EB-625FBE52EBFB}</UniqueIdentifier>
      <Extensions>h;hh;hpp;hxx;hm;inl;inc;ipp;xsd</Extensions>
    </Filter>
    <Filter Include="리소스 파일">
      <UniqueIdentifier>{67DA6AB6-F800-4c08-8B7A-83BB121AAD01}</UniqueIdentifier>
      <Extensions>rc;ico;cur;bmp;dlg;rc2;rct;bin;rgs;gif;jpg;jpeg;jpe;resx;tiff;tif;png;wav;mfcribbon-ms</Extensions>
    </Filter>
  </ItemGroup>
  <ItemGroup>
    <ClCompile Include="1, 2, 3더하기.cpp">
      <Filter>소스 파일</Filter>
    </ClCompile>
    <ClCompile Include="1003피보나치함수.cpp">
      <Filter>소스 파일</Filter>
    </ClCompile>
    <ClCompile Include="1009분산처리.cpp">
      <Filter>소스 파일</Filter>
    </ClCompile>
    <ClCompile Include="1065한수.cpp">
      <Filter>소스 파일</Filter>
    </ClCompile>
    <ClCompile Include="1074Z.cpp">
      <Filter>소스 파일</Filter>
    </ClCompile>
    <ClCompile Include="1110더하기사이클.cpp">
      <Filter>소스 파일</Filter>
    </ClCompile>
    <ClCompile Include="1149RGB거리.cpp">
      <Filter>소스 파일</Filter>
    </ClCompile>
    <ClCompile Include="1152단어의개수.cpp">
      <Filter>소스 파일</Filter>
    </ClCompile>
    <ClCompile Include="1157단어공부.cpp">
      <Filter>소스 파일</Filter>
    </ClCompile>
    <ClCompile Include="1159농구경기.cpp">
      <Filter>소스 파일</Filter>
    </ClCompile>
    <ClCompile Include="1181단어정렬.cpp">
      <Filter>소스 파일</Filter>
    </ClCompile>
    <ClCompile Include="1193분수찾기.cpp">
      <Filter>소스 파일</Filter>
    </ClCompile>
    <ClCompile Include="1233주사위.cpp">
      <Filter>소스 파일</Filter>
    </ClCompile>
    <ClCompile Include="1237정ㅋ벅ㅋ.cpp">
      <Filter>소스 파일</Filter>
    </ClCompile>
    <ClCompile Include="1260DFS와BFS.cpp">
      <Filter>소스 파일</Filter>
    </ClCompile>
    <ClCompile Include="1292쉽게푸는문제.cpp">
      <Filter>소스 파일</Filter>
    </ClCompile>
    <ClCompile Include="1316그룹단어체커.cpp">
      <Filter>소스 파일</Filter>
    </ClCompile>
    <ClCompile Include="1427소트인사이드.cpp">
      <Filter>소스 파일</Filter>
    </ClCompile>
    <ClCompile Include="1463 1로만들기.cpp">
      <Filter>소스 파일</Filter>
    </ClCompile>
    <ClCompile Include="1475방번호.cpp">
      <Filter>소스 파일</Filter>
    </ClCompile>
    <ClCompile Include="1592영식이와친구들.cpp">
      <Filter>소스 파일</Filter>
    </ClCompile>
    <ClCompile Include="1780종이의개수.cpp">
      <Filter>소스 파일</Filter>
    </ClCompile>
    <ClCompile Include="1874스택수열.cpp">
      <Filter>소스 파일</Filter>
    </ClCompile>
    <ClCompile Include="1912연속합.cpp">
      <Filter>소스 파일</Filter>
    </ClCompile>
    <ClCompile Include="1920수찾기.cpp">
      <Filter>소스 파일</Filter>
    </ClCompile>
    <ClCompile Include="1929소수구하기.cpp">
      <Filter>소스 파일</Filter>
    </ClCompile>
    <ClCompile Include="1932정수삼각형.cpp">
      <Filter>소스 파일</Filter>
    </ClCompile>
    <ClCompile Include="1966프린터큐.cpp">
      <Filter>소스 파일</Filter>
    </ClCompile>
    <ClCompile Include="1977완전제곱수.cpp">
      <Filter>소스 파일</Filter>
    </ClCompile>
    <ClCompile Include="1978소수찾기.cpp">
      <Filter>소스 파일</Filter>
    </ClCompile>
    <ClCompile Include="2108통계학.cpp">
      <Filter>소스 파일</Filter>
    </ClCompile>
    <ClCompile Include="2163초콜릿자르기.cpp">
      <Filter>소스 파일</Filter>
    </ClCompile>
    <ClCompile Include="2231분해합.cpp">
      <Filter>소스 파일</Filter>
    </ClCompile>
    <ClCompile Include="2292벌집.cpp">
      <Filter>소스 파일</Filter>
    </ClCompile>
    <ClCompile Include="2438별찍기-1.cpp">
      <Filter>소스 파일</Filter>
    </ClCompile>
    <ClCompile Include="2448별찍기-11.cpp">
      <Filter>소스 파일</Filter>
    </ClCompile>
    <ClCompile Include="2455지능형기차.cpp">
      <Filter>소스 파일</Filter>
    </ClCompile>
    <ClCompile Include="2490윷놀이.cpp">
      <Filter>소스 파일</Filter>
    </ClCompile>
    <ClCompile Include="2493탑.cpp">
      <Filter>소스 파일</Filter>
    </ClCompile>
    <ClCompile Include="2504괄호의값.cpp">
      <Filter>소스 파일</Filter>
    </ClCompile>
    <ClCompile Include="2577숫자의개수.cpp">
      <Filter>소스 파일</Filter>
    </ClCompile>
    <ClCompile Include="2579계단오르기.cpp">
      <Filter>소스 파일</Filter>
    </ClCompile>
    <ClCompile Include="2581소수.cpp">
      <Filter>소스 파일</Filter>
    </ClCompile>
    <ClCompile Include="2675문자열반복.cpp">
      <Filter>소스 파일</Filter>
    </ClCompile>
    <ClCompile Include="2747피보나치수.cpp">
      <Filter>소스 파일</Filter>
    </ClCompile>
    <ClCompile Include="2748피보나치수2.cpp">
      <Filter>소스 파일</Filter>
    </ClCompile>
    <ClCompile Include="2749피보나치수3.cpp">
      <Filter>소스 파일</Filter>
    </ClCompile>
    <ClCompile Include="2750수정렬하기.cpp">
      <Filter>소스 파일</Filter>
    </ClCompile>
    <ClCompile Include="2751수정렬하기2.cpp">
      <Filter>소스 파일</Filter>
    </ClCompile>
    <ClCompile Include="2775부녀회장이될테야.cpp">
      <Filter>소스 파일</Filter>
    </ClCompile>
    <ClCompile Include="2839설탕배달.cpp">
      <Filter>소스 파일</Filter>
    </ClCompile>
    <ClCompile Include="2902KMP.cpp">
      <Filter>소스 파일</Filter>
    </ClCompile>
    <ClCompile Include="2908상수.cpp">
      <Filter>소스 파일</Filter>
    </ClCompile>
    <ClCompile Include="2920음계.cpp">
      <Filter>소스 파일</Filter>
    </ClCompile>
    <ClCompile Include="2941크로아티아알파벳.cpp">
      <Filter>소스 파일</Filter>
    </ClCompile>
    <ClCompile Include="3040백설공주와일곱난쟁이.cpp">
      <Filter>소스 파일</Filter>
    </ClCompile>
    <ClCompile Include="4344평균은넘겠지.cpp">
      <Filter>소스 파일</Filter>
    </ClCompile>
    <ClCompile Include="4763셀프넘버.cpp">
      <Filter>소스 파일</Filter>
    </ClCompile>
    <ClCompile Include="4948베르트랑공준.cpp">
      <Filter>소스 파일</Filter>
    </ClCompile>
    <ClCompile Include="5585거스름돈.cpp">
      <Filter>소스 파일</Filter>
    </ClCompile>
    <ClCompile Include="5622다이얼.cpp">
      <Filter>소스 파일</Filter>
    </ClCompile>
    <ClCompile Include="9020골드바흐의추측.cpp">
      <Filter>소스 파일</Filter>
    </ClCompile>
    <ClCompile Include="10809알바벳찾기.cpp">
      <Filter>소스 파일</Filter>
    </ClCompile>
    <ClCompile Include="10828스택.cpp">
      <Filter>소스 파일</Filter>
    </ClCompile>
    <ClCompile Include="10845큐.cpp">
      <Filter>소스 파일</Filter>
    </ClCompile>
    <ClCompile Include="10866덱.cpp">
      <Filter>소스 파일</Filter>
    </ClCompile>
    <ClCompile Include="10871X보다작은수.cpp">
      <Filter>소스 파일</Filter>
    </ClCompile>
    <ClCompile Include="10872팩토리얼.cpp">
      <Filter>소스 파일</Filter>
    </ClCompile>
    <ClCompile Include="10943랜덤게임.cpp">
      <Filter>소스 파일</Filter>
    </ClCompile>
    <ClCompile Include="10984내학점을구해줘.cpp">
      <Filter>소스 파일</Filter>
    </ClCompile>
    <ClCompile Include="10988팰린드롬cpp.cpp">
      <Filter>소스 파일</Filter>
    </ClCompile>
    <ClCompile Include="10989수정렬하기3.cpp">
      <Filter>소스 파일</Filter>
    </ClCompile>
    <ClCompile Include="11004k번째수.cpp">
      <Filter>소스 파일</Filter>
    </ClCompile>
    <ClCompile Include="11047동전0.cpp">
      <Filter>소스 파일</Filter>
    </ClCompile>
    <ClCompile Include="11050이항계수2.cpp">
      <Filter>소스 파일</Filter>
    </ClCompile>
    <ClCompile Include="11052카드구매하기.cpp">
      <Filter>소스 파일</Filter>
    </ClCompile>
    <ClCompile Include="11365!밀비급일.cpp">
      <Filter>소스 파일</Filter>
    </ClCompile>
    <ClCompile Include="11399ATM.cpp">
      <Filter>소스 파일</Filter>
    </ClCompile>
    <ClCompile Include="11652카드.cpp">
      <Filter>소스 파일</Filter>
    </ClCompile>
    <ClCompile Include="11653소인수분해.cpp">
      <Filter>소스 파일</Filter>
    </ClCompile>
    <ClCompile Include="11720숫자의합.cpp">
      <Filter>소스 파일</Filter>
    </ClCompile>
    <ClCompile Include="11721열개씩끊어출력하기.cpp">
      <Filter>소스 파일</Filter>
    </ClCompile>
    <ClCompile Include="11726 2xn타일링.cpp">
      <Filter>소스 파일</Filter>
    </ClCompile>
    <ClCompile Include="11727 2xn타일링2.cpp">
      <Filter>소스 파일</Filter>
    </ClCompile>
    <ClCompile Include="11729하노이탑.cpp">
      <Filter>소스 파일</Filter>
    </ClCompile>
    <ClCompile Include="11866조세퍼스문제.cpp">
      <Filter>소스 파일</Filter>
    </ClCompile>
    <ClCompile Include="21672차원배열의합.cpp">
      <Filter>소스 파일</Filter>
    </ClCompile>
    <ClCompile Include="19242007년.c">
      <Filter>소스 파일</Filter>
    </ClCompile>
    <ClCompile Include="16478원의분할.cpp">
      <Filter>소스 파일</Filter>
    </ClCompile>
    <ClCompile Include="1158조세퍼스.c">
      <Filter>소스 파일</Filter>
    </ClCompile>
    <ClCompile Include="1927최소힙.cpp">
      <Filter>소스 파일</Filter>
    </ClCompile>
    <ClCompile Include="11279최대힙.cpp">
      <Filter>소스 파일</Filter>
    </ClCompile>
    <ClCompile Include="9012괄호.cpp">
      <Filter>소스 파일</Filter>
    </ClCompile>
    <ClCompile Include="2164카드2.cpp">
      <Filter>소스 파일</Filter>
    </ClCompile>
    <ClCompile Include="11003최솟값찾기.cpp">
      <Filter>소스 파일</Filter>
    </ClCompile>
    <ClCompile Include="2444별찍기-6.cpp">
      <Filter>소스 파일</Filter>
    </ClCompile>
    <ClCompile Include="2444별찍기-7.cpp">
      <Filter>소스 파일</Filter>
    </ClCompile>
    <ClCompile Include="2445별찍기-8.cpp">
      <Filter>소스 파일</Filter>
    </ClCompile>
    <ClCompile Include="2446별찍기-9.cpp">
      <Filter>소스 파일</Filter>
    </ClCompile>
    <ClCompile Include="2447별찍기-10.cpp">
      <Filter>소스 파일</Filter>
    </ClCompile>
    <ClCompile Include="2522별찍기-12.cpp">
      <Filter>소스 파일</Filter>
    </ClCompile>
    <ClCompile Include="2523별찍기-13.cpp">
      <Filter>소스 파일</Filter>
    </ClCompile>
    <ClCompile Include="2556별찍기-14.cpp">
      <Filter>소스 파일</Filter>
    </ClCompile>
    <ClCompile Include="10990별찍기-15.cpp">
      <Filter>소스 파일</Filter>
    </ClCompile>
    <ClCompile Include="10991별찍기-16.cpp">
      <Filter>소스 파일</Filter>
    </ClCompile>
    <ClCompile Include="10992별찍기-17.cpp">
      <Filter>소스 파일</Filter>
    </ClCompile>
    <ClCompile Include="1406에디터.cpp">
      <Filter>소스 파일</Filter>
    </ClCompile>
    <ClCompile Include="2485가로수.cpp">
      <Filter>소스 파일</Filter>
    </ClCompile>
    <ClCompile Include="1934최소공배수.cpp">
      <Filter>소스 파일</Filter>
    </ClCompile>
    <ClCompile Include="13241최소공배수.cpp">
      <Filter>소스 파일</Filter>
    </ClCompile>
    <ClCompile Include="2609최대공약수와 최소공배수.cpp">
      <Filter>소스 파일</Filter>
    </ClCompile>
    <ClCompile Include="1850최대공약수.cpp">
      <Filter>소스 파일</Filter>
    </ClCompile>
    <ClCompile Include="2981검문.cpp">
      <Filter>소스 파일</Filter>
    </ClCompile>
    <ClCompile Include="3036링.cpp">
      <Filter>소스 파일</Filter>
    </ClCompile>
    <ClCompile Include="11006남욱이의닭장.cpp">
      <Filter>소스 파일</Filter>
    </ClCompile>
    <ClCompile Include="2740행렬곱셈.cpp">
      <Filter>소스 파일</Filter>
    </ClCompile>
    <ClCompile Include="1011Fly me to the Alpha Centauri.cpp">
      <Filter>소스 파일</Filter>
    </ClCompile>
    <ClCompile Include="7576토마토.cpp">
      <Filter>소스 파일</Filter>
    </ClCompile>
    <ClCompile Include="2805나무자르기.cpp">
      <Filter>소스 파일</Filter>
    </ClCompile>
    <ClCompile Include="2476주사위게임.cpp">
      <Filter>소스 파일</Filter>
    </ClCompile>
    <ClCompile Include="16171나는친구가적다.cpp">
      <Filter>소스 파일</Filter>
    </ClCompile>
    <ClCompile Include="7568덩치.cpp">
      <Filter>소스 파일</Filter>
    </ClCompile>
    <ClCompile Include="1922네트워크연결.cpp">
      <Filter>소스 파일</Filter>
    </ClCompile>
    <ClCompile Include="1197최소스패닝트리.cpp">
      <Filter>소스 파일</Filter>
    </ClCompile>
    <ClCompile Include="10164격자상의 경로.cpp">
      <Filter>소스 파일</Filter>
    </ClCompile>
    <ClCompile Include="2588곱셈.cpp">
      <Filter>소스 파일</Filter>
    </ClCompile>
    <ClCompile Include="1330두수비교하기.cpp">
      <Filter>소스 파일</Filter>
    </ClCompile>
    <ClCompile Include="2753윤년.cpp">
      <Filter>소스 파일</Filter>
    </ClCompile>
    <ClCompile Include="2884알람시계.cpp">
      <Filter>소스 파일</Filter>
    </ClCompile>
    <ClCompile Include="10818최소, 최대.cpp">
      <Filter>소스 파일</Filter>
    </ClCompile>
    <ClCompile Include="2562최대값.cpp">
      <Filter>소스 파일</Filter>
    </ClCompile>
    <ClCompile Include="3052나머지.cpp">
      <Filter>소스 파일</Filter>
    </ClCompile>
    <ClCompile Include="1712손익분기점.cpp">
      <Filter>소스 파일</Filter>
    </ClCompile>
    <ClCompile Include="10250 ACM호텔.cpp">
      <Filter>소스 파일</Filter>
    </ClCompile>
    <ClCompile Include="6064카잉달력.cpp">
      <Filter>소스 파일</Filter>
    </ClCompile>
    <ClCompile Include="1085직사각형에서탈출.cpp">
      <Filter>소스 파일</Filter>
    </ClCompile>
    <ClCompile Include="3009네번째점.cpp">
      <Filter>소스 파일</Filter>
    </ClCompile>
    <ClCompile Include="4153직각삼각형.cpp">
      <Filter>소스 파일</Filter>
    </ClCompile>
    <ClCompile Include="3053택시기하학.cpp">
      <Filter>소스 파일</Filter>
    </ClCompile>
    <ClCompile Include="1002터렛.cpp">
      <Filter>소스 파일</Filter>
    </ClCompile>
    <ClCompile Include="2798블랙잭.cpp">
      <Filter>소스 파일</Filter>
    </ClCompile>
    <ClCompile Include="1018체스판다시칠하기.cpp">
      <Filter>소스 파일</Filter>
    </ClCompile>
    <ClCompile Include="1436영화감독숌.cpp">
      <Filter>소스 파일</Filter>
    </ClCompile>
    <ClCompile Include="1107리모컨.cpp">
      <Filter>소스 파일</Filter>
    </ClCompile>
    <ClCompile Include="11650좌표정렬하기.cpp">
      <Filter>소스 파일</Filter>
    </ClCompile>
    <ClCompile Include="10814나이순정렬.cpp">
      <Filter>소스 파일</Filter>
    </ClCompile>
    <ClCompile Include="190401타일.cpp">
      <Filter>소스 파일</Filter>
    </ClCompile>
    <ClCompile Include="9461파도반수열.cpp">
      <Filter>소스 파일</Filter>
    </ClCompile>
    <ClCompile Include="10844쉬운계단수.cpp">
      <Filter>소스 파일</Filter>
    </ClCompile>
    <ClCompile Include="2156포도주시식.cpp">
      <Filter>소스 파일</Filter>
    </ClCompile>
    <ClCompile Include="11053가장긴증가하는부분수열.cpp">
      <Filter>소스 파일</Filter>
    </ClCompile>
    <ClCompile Include="11054가장긴바이토닉부분수열.cpp">
      <Filter>소스 파일</Filter>
    </ClCompile>
    <ClCompile Include="2565전깃줄.cpp">
      <Filter>소스 파일</Filter>
    </ClCompile>
    <ClCompile Include="9251LCS.cpp">
      <Filter>소스 파일</Filter>
    </ClCompile>
    <ClCompile Include="11066파일합치기.cpp">
      <Filter>소스 파일</Filter>
    </ClCompile>
    <ClCompile Include="11049행렬곱셈순서.cpp">
      <Filter>소스 파일</Filter>
    </ClCompile>
    <ClCompile Include="1520내리막길.cpp">
      <Filter>소스 파일</Filter>
    </ClCompile>
    <ClCompile Include="12865평범한배낭.cpp">
      <Filter>소스 파일</Filter>
    </ClCompile>
    <ClCompile Include="2293동전1.cpp">
      <Filter>소스 파일</Filter>
    </ClCompile>
    <ClCompile Include="1931회의실배정.cpp">
      <Filter>소스 파일</Filter>
    </ClCompile>
    <ClCompile Include="2217로프.cpp">
      <Filter>소스 파일</Filter>
    </ClCompile>
    <ClCompile Include="1541잃어버린괄호.cpp">
      <Filter>소스 파일</Filter>
    </ClCompile>
    <ClCompile Include="2606바이러스.cpp">
      <Filter>소스 파일</Filter>
    </ClCompile>
    <ClCompile Include="2667단지번호붙이기.cpp">
      <Filter>소스 파일</Filter>
    </ClCompile>
    <ClCompile Include="1012유기농배추.cpp">
      <Filter>소스 파일</Filter>
    </ClCompile>
    <ClCompile Include="2178미로탐색.cpp">
      <Filter>소스 파일</Filter>
    </ClCompile>
    <ClCompile Include="7569토마토.cpp">
      <Filter>소스 파일</Filter>
    </ClCompile>
    <ClCompile Include="1697숨바꼭질.cpp">
      <Filter>소스 파일</Filter>
    </ClCompile>
    <ClCompile Include="2206벽부수고이동하기.cpp">
      <Filter>소스 파일</Filter>
    </ClCompile>
    <ClCompile Include="10816숫자카드2.cpp">
      <Filter>소스 파일</Filter>
    </ClCompile>
    <ClCompile Include="1654랜선자르기.cpp">
      <Filter>소스 파일</Filter>
    </ClCompile>
    <ClCompile Include="2110공유기설치.cpp">
      <Filter>소스 파일</Filter>
    </ClCompile>
    <ClCompile Include="1300k번째수.cpp">
      <Filter>소스 파일</Filter>
    </ClCompile>
    <ClCompile Include="12015가장긴증가하는부분수열2.cpp">
      <Filter>소스 파일</Filter>
    </ClCompile>
    <ClCompile Include="2630색종이만들기.cpp">
      <Filter>소스 파일</Filter>
    </ClCompile>
    <ClCompile Include="1992쿼드트리.cpp">
      <Filter>소스 파일</Filter>
    </ClCompile>
    <ClCompile Include="16500문자열판별.cpp">
      <Filter>소스 파일</Filter>
    </ClCompile>
    <ClCompile Include="6549히스토그램에서가장큰직사각형.cpp">
      <Filter>소스 파일</Filter>
    </ClCompile>
    <ClCompile Include="2042구간합구하기.cpp">
      <Filter>소스 파일</Filter>
    </ClCompile>
    <ClCompile Include="프로그램실행시간.cpp">
      <Filter>리소스 파일</Filter>
    </ClCompile>
    <ClCompile Include="12015가장 긴 증가하는 부분수열.cpp">
      <Filter>소스 파일</Filter>
    </ClCompile>
    <ClCompile Include="11659구간합구하기4.cpp">
      <Filter>소스 파일</Filter>
    </ClCompile>
    <ClCompile Include="11505구간곱구하기.cpp">
      <Filter>소스 파일</Filter>
    </ClCompile>
    <ClCompile Include="1037약수.cpp">
      <Filter>소스 파일</Filter>
    </ClCompile>
    <ClCompile Include="10773제로.cpp">
      <Filter>소스 파일</Filter>
    </ClCompile>
    <ClCompile Include="6603로또.cpp">
      <Filter>소스 파일</Filter>
    </ClCompile>
    <ClCompile Include="1753최단경로.cpp">
      <Filter>소스 파일</Filter>
    </ClCompile>
    <ClCompile Include="16282BlockChain.cpp">
      <Filter>소스 파일</Filter>
    </ClCompile>
    <ClCompile Include="10870피보나치수5.cpp">
      <Filter>소스 파일</Filter>
    </ClCompile>
    <ClCompile Include="7579앱.cpp">
      <Filter>소스 파일</Filter>
    </ClCompile>
    <ClCompile Include="10942팰린드롬.cpp">
      <Filter>소스 파일</Filter>
    </ClCompile>
    <ClCompile Include="9663N-Queen.cpp">
      <Filter>소스 파일</Filter>
    </ClCompile>
    <ClCompile Include="15649N과M.cpp">
      <Filter>소스 파일</Filter>
    </ClCompile>
    <ClCompile Include="15650N과M(2).cpp">
      <Filter>소스 파일</Filter>
    </ClCompile>
    <ClCompile Include="15651N과M(3).cpp">
      <Filter>소스 파일</Filter>
    </ClCompile>
    <ClCompile Include="15652N과M(4).cpp">
      <Filter>소스 파일</Filter>
    </ClCompile>
    <ClCompile Include="2193이친수.cpp">
      <Filter>소스 파일</Filter>
    </ClCompile>
    <ClCompile Include="14501퇴사.cpp">
      <Filter>소스 파일</Filter>
    </ClCompile>
    <ClCompile Include="1717집합의표현.cpp">
      <Filter>소스 파일</Filter>
    </ClCompile>
    <ClCompile Include="1976여행가자.cpp">
      <Filter>소스 파일</Filter>
    </ClCompile>
    <ClCompile Include="1708블록껍질.cpp">
      <Filter>소스 파일</Filter>
    </ClCompile>
    <ClCompile Include="14750JerryandTom.cpp">
      <Filter>소스 파일</Filter>
    </ClCompile>
    <ClCompile Include="17386선분교차.cpp">
      <Filter>소스 파일</Filter>
    </ClCompile>
    <ClCompile Include="11277 2-SAT.cpp">
      <Filter>소스 파일</Filter>
    </ClCompile>
    <ClCompile Include="13460구슬탈출.cpp">
      <Filter>소스 파일</Filter>
    </ClCompile>
    <ClCompile Include="121002048(easy).cpp">
      <Filter>소스 파일</Filter>
    </ClCompile>
    <ClCompile Include="1004어린왕자.cpp">
      <Filter>소스 파일</Filter>
    </ClCompile>
    <ClCompile Include="1005ACMCraft.cpp">
      <Filter>소스 파일</Filter>
    </ClCompile>
    <ClCompile Include="1010다리놓기.cpp">
      <Filter>소스 파일</Filter>
    </ClCompile>
    <ClCompile Include="1015수열정렬.cpp">
      <Filter>소스 파일</Filter>
    </ClCompile>
    <ClCompile Include="2503숫자야구.cpp">
      <Filter>소스 파일</Filter>
    </ClCompile>
    <ClCompile Include="1016제곱ㄴㄴ수.cpp">
      <Filter>소스 파일</Filter>
    </ClCompile>
    <ClCompile Include="2280스도쿠.cpp">
      <Filter>소스 파일</Filter>
    </ClCompile>
    <ClCompile Include="1019책 페이지.cpp">
      <Filter>소스 파일</Filter>
    </ClCompile>
    <ClCompile Include="2352반도체설계.cpp">
      <Filter>소스 파일</Filter>
    </ClCompile>
    <ClCompile Include="2357최솟값과최댓값.cpp">
      <Filter>소스 파일</Filter>
    </ClCompile>
    <ClCompile Include="3878점분리.cpp">
      <Filter>소스 파일</Filter>
    </ClCompile>
    <ClCompile Include="4195친구네트워크.cpp">
      <Filter>소스 파일</Filter>
    </ClCompile>
    <ClCompile Include="1024수열의합.cpp">
      <Filter>소스 파일</Filter>
    </ClCompile>
    <ClCompile Include="1644소수의연속합.cpp">
      <Filter>소스 파일</Filter>
    </ClCompile>
    <ClCompile Include="1495기타리스트.cpp">
      <Filter>소스 파일</Filter>
    </ClCompile>
    <ClCompile Include="2960에라토스테네스의체.cpp">
      <Filter>소스 파일</Filter>
    </ClCompile>
    <ClCompile Include="14888연산자끼워넣기.cpp">
      <Filter>소스 파일</Filter>
    </ClCompile>
    <ClCompile Include="2568전깃줄-2.cpp">
      <Filter>소스 파일</Filter>
    </ClCompile>
    <ClCompile Include="12738가장긴증가하는부분수열3.cpp">
      <Filter>소스 파일</Filter>
    </ClCompile>
    <ClCompile Include="14002가장긴증가하는부분수열4.cpp">
      <Filter>소스 파일</Filter>
    </ClCompile>
    <ClCompile Include="2702초6수학.cpp">
      <Filter>소스 파일</Filter>
    </ClCompile>
    <ClCompile Include="2437저울.cpp">
      <Filter>소스 파일</Filter>
    </ClCompile>
    <ClCompile Include="1722순열의순서.cpp">
      <Filter>소스 파일</Filter>
    </ClCompile>
    <ClCompile Include="14889스타트와링크.cpp">
      <Filter>소스 파일</Filter>
    </ClCompile>
    <ClCompile Include="5543상근날드.cpp">
      <Filter>소스 파일</Filter>
    </ClCompile>
    <ClCompile Include="10996별찍기-21.cpp">
      <Filter>소스 파일</Filter>
    </ClCompile>
    <ClCompile Include="2573빙산.cpp">
      <Filter>소스 파일</Filter>
    </ClCompile>
  </ItemGroup>
  <ItemGroup>
    <Text Include="input.txt">
      <Filter>리소스 파일</Filter>
    </Text>
    <Text Include="output.txt">
      <Filter>리소스 파일</Filter>
    </Text>
  </ItemGroup>
</Project>